{
  "requires": true,
  "lockfileVersion": 1,
  "dependencies": {
    "aspserver": {
      "version": "1.3.1",
      "resolved": "http://npm.weidai.work/aspserver/-/aspserver-1.3.1.tgz",
      "integrity": "sha512-6kv59PasK2Zf+EdNVykDUoQTpPxKTJdY4DF8aBQMsSDSw/ZbcQEZBkfuhGuWtavw2w8ybhYJGI+rniZUulkOxA=="
    }
  }
}
